
Microsoft Visual Studio Solution File, Format Version 12.00
# Visual Studio Version 16
VisualStudioVersion = 16.0.29613.14
MinimumVisualStudioVersion = 10.0.40219.1
Project("{FAE04EC0-301F-11D3-BF4B-00C04F79EFBC}") = "MyBookStore", "MyBookStore\MyBookStore.csproj", "{7FF5DB4D-A991-4DAF-8225-06E2260C408C}"
EndProject
Global
	GlobalSection(SolutionConfigurationPlatforms) = preSolution
		Debug|Any CPU = Debug|Any CPU
		Release|Any CPU = Release|Any CPU
	EndGlobalSection
	GlobalSection(ProjectConfigurationPlatforms) = postSolution
		{7FF5DB4D-A991-4DAF-8225-06E2260C408C}.Debug|Any CPU.ActiveCfg = Debug|Any CPU
		{7FF5DB4D-A991-4DAF-8225-06E2260C408C}.Debug|Any CPU.Build.0 = Debug|Any CPU
		{7FF5DB4D-A991-4DAF-8225-06E2260C408C}.Release|Any CPU.ActiveCfg = Release|Any CPU
		{7FF5DB4D-A991-4DAF-8225-06E2260C408C}.Release|Any CPU.Build.0 = Release|Any CPU
	EndGlobalSection
	GlobalSection(SolutionProperties) = preSolution
		HideSolutionNode = FALSE
	EndGlobalSection
	GlobalSection(ExtensibilityGlobals) = postSolution
		SolutionGuid = {A5F084BB-67A7-4615-8D9F-603977598A9A}
	EndGlobalSection
EndGlobal
